
Microsoft Visual Studio Solution File, Format Version 12.00
# Visual Studio Version 16
VisualStudioVersion = 16.0.31019.35
MinimumVisualStudioVersion = 10.0.40219.1
Project("{FAE04EC0-301F-11D3-BF4B-00C04F79EFBC}") = "HRManagementSystem", "HRManagementSystem\HRManagementSystem.csproj", "{703DC3EE-F2AF-400B-98C6-D0C8CD87CA89}"
EndProject
Global
	GlobalSection(SolutionConfigurationPlatforms) = preSolution
		Debug|Any CPU = Debug|Any CPU
		Release|Any CPU = Release|Any CPU
	EndGlobalSection
	GlobalSection(ProjectConfigurationPlatforms) = postSolution
		{703DC3EE-F2AF-400B-98C6-D0C8CD87CA89}.Debug|Any CPU.ActiveCfg = Debug|Any CPU
		{703DC3EE-F2AF-400B-98C6-D0C8CD87CA89}.Debug|Any CPU.Build.0 = Debug|Any CPU
		{703DC3EE-F2AF-400B-98C6-D0C8CD87CA89}.Release|Any CPU.ActiveCfg = Release|Any CPU
		{703DC3EE-F2AF-400B-98C6-D0C8CD87CA89}.Release|Any CPU.Build.0 = Release|Any CPU
	EndGlobalSection
	GlobalSection(SolutionProperties) = preSolution
		HideSolutionNode = FALSE
	EndGlobalSection
	GlobalSection(ExtensibilityGlobals) = postSolution
		SolutionGuid = {170AFE26-D377-4B95-9153-BFBB738B6D1D}
	EndGlobalSection
EndGlobal
